<Solution>
  <Folder Name="/bench/">
    <Project Path="bench/FsLua.Benchmarks/FsLua.Benchmarks.fsproj" />
  </Folder>
  <Folder Name="/src/">
    <Project Path="src/FsLua.Cli/FsLua.Cli.fsproj" />
    <Project Path="src/FsLua/FsLua.fsproj" />
  </Folder>
  <Folder Name="/tests/">
    <Project Path="tests/FsLua.Tests/FsLua.Tests.fsproj" />
  </Folder>
</Solution>
